{
  "name": "leetcode",
  "version": "1.0.0",
  "lockfileVersion": 2,
  "requires": true,
  "packages": {
    "": {
      "version": "1.0.0",
      "license": "ISC",
      "dependencies": {
        "datastructures-js": "^10.1.1"
      }
    },
    "node_modules/@datastructures-js/binary-search-tree": {
      "version": "4.2.2",
      "resolved": "https://registry.npmjs.org/@datastructures-js/binary-search-tree/-/binary-search-tree-4.2.2.tgz",
      "integrity": "sha512-P8eJRG49Z58grk9SQu+sBC7yjr2tTN/lss6m16X/RNxR/jkvIwfh6exldh21m7Im0iOwc2yQV0DmzIeyosXvMw=="
    },
    "node_modules/@datastructures-js/graph": {
      "version": "5.1.1",
      "resolved": "https://registry.npmjs.org/@datastructures-js/graph/-/graph-5.1.1.tgz",
      "integrity": "sha512-sy3pTMEORBhxbdwTMqnlImbndnxmIXBOgJd9kUugYcKGiljskGLANy6ByMCodq/zIGVNDgD/FZDNZ6hmdafISw==",
      "dependencies": {
        "@datastructures-js/queue": "^3.1.3"
      }
    },
    "node_modules/@datastructures-js/graph/node_modules/@datastructures-js/queue": {
      "version": "3.1.4",
      "resolved": "https://registry.npmjs.org/@datastructures-js/queue/-/queue-3.1.4.tgz",
      "integrity": "sha512-8QqkdAJQDDd25OBX28lKj7HXD+Cxs6Ee0ogJkZUjD5R1fAvRAWsrCeKop0szqANYjMwdQQd75vyc3Cm8qNJH+Q=="
    },
    "node_modules/@datastructures-js/heap": {
      "version": "3.1.1",
      "resolved": "https://registry.npmjs.org/@datastructures-js/heap/-/heap-3.1.1.tgz",
      "integrity": "sha512-YwaiiusllkurZnMsYSB9WYKz9OhCY0siD/2RPRYtPQnH/BxHaV/YEprHcnfGUuowTVsByFGltqurc54C9+k03A=="
    },
    "node_modules/@datastructures-js/linked-list": {
      "version": "5.1.1",
      "resolved": "https://registry.npmjs.org/@datastructures-js/linked-list/-/linked-list-5.1.1.tgz",
      "integrity": "sha512-fj5vOozZX5Sw+Z7dJcicvQxMbWTuOizZ+dW+pMcYWMMgMiLERzJ3Zv6Tdn+VStej9ax6tq7LIQxKGiZyXMvWmg==",
      "dependencies": {
        "@datastructures-js/binary-search-tree": "^4.1.0"
      }
    },
    "node_modules/@datastructures-js/priority-queue": {
      "version": "5.1.1",
      "resolved": "https://registry.npmjs.org/@datastructures-js/priority-queue/-/priority-queue-5.1.1.tgz",
      "integrity": "sha512-uMYmh+dNalf+FMQ2RbL6Y0rZkEykVMpGBZRa9feawuNN5XEc3QbBfkB6ampb1MqQZzbnfvawDfxSL9Y9SuKF1w==",
      "dependencies": {
        "@datastructures-js/heap": "^3.1.0"
      }
    },
    "node_modules/@datastructures-js/queue": {
      "version": "4.1.3",
      "resolved": "https://registry.npmjs.org/@datastructures-js/queue/-/queue-4.1.3.tgz",
      "integrity": "sha512-vvtwLDJ+R53i+vXr7llIXm2cLI0LzaN9edeJ7sEzti4TQUj/3Bpgp1mJKhWA8CWpW09sysvASab0kPP2cEbjNg=="
    },
    "node_modules/@datastructures-js/set": {
      "version": "4.1.1",
      "resolved": "https://registry.npmjs.org/@datastructures-js/set/-/set-4.1.1.tgz",
      "integrity": "sha512-++5tT32/hlbDyv0mgj4PQsgUG8TALtz6OnCMEbk1/dS1cFl3VUeye1Dx4af5L55UzGfCp1yknQjvRjtIkgzW2w=="
    },
    "node_modules/@datastructures-js/stack": {
      "version": "3.1.2",
      "resolved": "https://registry.npmjs.org/@datastructures-js/stack/-/stack-3.1.2.tgz",
      "integrity": "sha512-lrLR7wMROZ5ad4iXoX0JktyNTg3cQTjVTlqLiqKzVNipXsyPrlUjPtUsOVLpzHPzQ3IgtDvbejrFpINLiB35vw=="
    },
    "node_modules/@datastructures-js/trie": {
      "version": "4.1.1",
      "resolved": "https://registry.npmjs.org/@datastructures-js/trie/-/trie-4.1.1.tgz",
      "integrity": "sha512-S1G9k3GGZNRfLETNT/uUuGcMjkFbFLSNJwalacXs96UNwmnCJTJ0EYpLJH/TNMvDSVbmlntYgXgZXrM66V2q7w=="
    },
    "node_modules/datastructures-js": {
      "version": "10.1.1",
      "resolved": "https://registry.npmjs.org/datastructures-js/-/datastructures-js-10.1.1.tgz",
      "integrity": "sha512-TVfNYZxkxr9Y/YTluua7EcgVWpo97IzNpCy6C30kVJ659ha5C/4GcYZm7Iak4CWMVh+Eh2tJ75Tvrn3Us2ui4A==",
      "dependencies": {
        "@datastructures-js/binary-search-tree": "^4.2.2",
        "@datastructures-js/graph": "^5.1.1",
        "@datastructures-js/heap": "^3.1.1",
        "@datastructures-js/linked-list": "^5.1.1",
        "@datastructures-js/priority-queue": "^5.1.1",
        "@datastructures-js/queue": "^4.1.3",
        "@datastructures-js/set": "^4.1.1",
        "@datastructures-js/stack": "^3.1.2",
        "@datastructures-js/trie": "^4.1.1"
      }
    }
  },
  "dependencies": {
    "@datastructures-js/binary-search-tree": {
      "version": "4.2.2",
      "resolved": "https://registry.npmjs.org/@datastructures-js/binary-search-tree/-/binary-search-tree-4.2.2.tgz",
      "integrity": "sha512-P8eJRG49Z58grk9SQu+sBC7yjr2tTN/lss6m16X/RNxR/jkvIwfh6exldh21m7Im0iOwc2yQV0DmzIeyosXvMw=="
    },
    "@datastructures-js/graph": {
      "version": "5.1.1",
      "resolved": "https://registry.npmjs.org/@datastructures-js/graph/-/graph-5.1.1.tgz",
      "integrity": "sha512-sy3pTMEORBhxbdwTMqnlImbndnxmIXBOgJd9kUugYcKGiljskGLANy6ByMCodq/zIGVNDgD/FZDNZ6hmdafISw==",
      "requires": {
        "@datastructures-js/queue": "^3.1.3"
      },
      "dependencies": {
        "@datastructures-js/queue": {
          "version": "3.1.4",
          "resolved": "https://registry.npmjs.org/@datastructures-js/queue/-/queue-3.1.4.tgz",
          "integrity": "sha512-8QqkdAJQDDd25OBX28lKj7HXD+Cxs6Ee0ogJkZUjD5R1fAvRAWsrCeKop0szqANYjMwdQQd75vyc3Cm8qNJH+Q=="
        }
      }
    },
    "@datastructures-js/heap": {
      "version": "3.1.1",
      "resolved": "https://registry.npmjs.org/@datastructures-js/heap/-/heap-3.1.1.tgz",
      "integrity": "sha512-YwaiiusllkurZnMsYSB9WYKz9OhCY0siD/2RPRYtPQnH/BxHaV/YEprHcnfGUuowTVsByFGltqurc54C9+k03A=="
    },
    "@datastructures-js/linked-list": {
      "version": "5.1.1",
      "resolved": "https://registry.npmjs.org/@datastructures-js/linked-list/-/linked-list-5.1.1.tgz",
      "integrity": "sha512-fj5vOozZX5Sw+Z7dJcicvQxMbWTuOizZ+dW+pMcYWMMgMiLERzJ3Zv6Tdn+VStej9ax6tq7LIQxKGiZyXMvWmg==",
      "requires": {
        "@datastructures-js/binary-search-tree": "^4.1.0"
      }
    },
    "@datastructures-js/priority-queue": {
      "version": "5.1.1",
      "resolved": "https://registry.npmjs.org/@datastructures-js/priority-queue/-/priority-queue-5.1.1.tgz",
      "integrity": "sha512-uMYmh+dNalf+FMQ2RbL6Y0rZkEykVMpGBZRa9feawuNN5XEc3QbBfkB6ampb1MqQZzbnfvawDfxSL9Y9SuKF1w==",
      "requires": {
        "@datastructures-js/heap": "^3.1.0"
      }
    },
    "@datastructures-js/queue": {
      "version": "4.1.3",
      "resolved": "https://registry.npmjs.org/@datastructures-js/queue/-/queue-4.1.3.tgz",
      "integrity": "sha512-vvtwLDJ+R53i+vXr7llIXm2cLI0LzaN9edeJ7sEzti4TQUj/3Bpgp1mJKhWA8CWpW09sysvASab0kPP2cEbjNg=="
    },
    "@datastructures-js/set": {
      "version": "4.1.1",
      "resolved": "https://registry.npmjs.org/@datastructures-js/set/-/set-4.1.1.tgz",
      "integrity": "sha512-++5tT32/hlbDyv0mgj4PQsgUG8TALtz6OnCMEbk1/dS1cFl3VUeye1Dx4af5L55UzGfCp1yknQjvRjtIkgzW2w=="
    },
    "@datastructures-js/stack": {
      "version": "3.1.2",
      "resolved": "https://registry.npmjs.org/@datastructures-js/stack/-/stack-3.1.2.tgz",
      "integrity": "sha512-lrLR7wMROZ5ad4iXoX0JktyNTg3cQTjVTlqLiqKzVNipXsyPrlUjPtUsOVLpzHPzQ3IgtDvbejrFpINLiB35vw=="
    },
    "@datastructures-js/trie": {
      "version": "4.1.1",
      "resolved": "https://registry.npmjs.org/@datastructures-js/trie/-/trie-4.1.1.tgz",
      "integrity": "sha512-S1G9k3GGZNRfLETNT/uUuGcMjkFbFLSNJwalacXs96UNwmnCJTJ0EYpLJH/TNMvDSVbmlntYgXgZXrM66V2q7w=="
    },
    "datastructures-js": {
      "version": "10.1.1",
      "resolved": "https://registry.npmjs.org/datastructures-js/-/datastructures-js-10.1.1.tgz",
      "integrity": "sha512-TVfNYZxkxr9Y/YTluua7EcgVWpo97IzNpCy6C30kVJ659ha5C/4GcYZm7Iak4CWMVh+Eh2tJ75Tvrn3Us2ui4A==",
      "requires": {
        "@datastructures-js/binary-search-tree": "^4.2.2",
        "@datastructures-js/graph": "^5.1.1",
        "@datastructures-js/heap": "^3.1.1",
        "@datastructures-js/linked-list": "^5.1.1",
        "@datastructures-js/priority-queue": "^5.1.1",
        "@datastructures-js/queue": "^4.1.3",
        "@datastructures-js/set": "^4.1.1",
        "@datastructures-js/stack": "^3.1.2",
        "@datastructures-js/trie": "^4.1.1"
      }
    }
  }
}
